{
  "name": "MERN-Ecommerce",
  "lockfileVersion": 2,
  "requires": true,
  "packages": {
    "": {
      "dependencies": {
        "braintree-web-drop-in": "^1.31.2",
        "braintree-web-drop-in-react": "^1.2.1"
      }
    },
    "node_modules/@braintree/asset-loader": {
      "version": "0.4.4",
      "resolved": "https://registry.npmjs.org/@braintree/asset-loader/-/asset-loader-0.4.4.tgz",
      "integrity": "sha512-uVhXC5dydmngmNVuDiKgfXSlz4kv4x5ytIJodI8N5SY16mRh13m/UmbQ7yH+o8DQqp50qPZ45MUHIZkXKPg85w==",
      "dependencies": {
        "promise-polyfill": "^8.1.3"
      }
    },
    "node_modules/@braintree/browser-detection": {
      "version": "1.12.0",
      "resolved": "https://registry.npmjs.org/@braintree/browser-detection/-/browser-detection-1.12.0.tgz",
      "integrity": "sha512-fmZcaXYkXr9b0J+3HwXLQogIYV+xSS6aBG7LGu0OjLkSD/k62EAu2xLGEDFHUu6siH/I7vvGoC0/Ds3f3RnS6g=="
    },
    "node_modules/@braintree/class-list": {
      "version": "0.2.0",
      "resolved": "https://registry.npmjs.org/@braintree/class-list/-/class-list-0.2.0.tgz",
      "integrity": "sha512-iLXJT51jnBFuGvyTAQqZ2uwyEVwdyapyz52F5MK1Uoh2ZOiPJ5hoqI0wncyCP2KfqrgyCpOkkEaLMLb/94unGA=="
    },
    "node_modules/@braintree/event-emitter": {
      "version": "0.4.1",
      "resolved": "https://registry.npmjs.org/@braintree/event-emitter/-/event-emitter-0.4.1.tgz",
      "integrity": "sha512-X41357O3OXUDlnwMvS1m0GQEn3zB3s3flOBeg2J5OBvLvdJEIAVpPkblABPtsPrlciDSvfv1aSG5ixHPgFH0Zg=="
    },
    "node_modules/@braintree/extended-promise": {
      "version": "0.4.1",
      "resolved": "https://registry.npmjs.org/@braintree/extended-promise/-/extended-promise-0.4.1.tgz",
      "integrity": "sha512-00n7m4z+swWHoFQLHLvrIBIEoxnGUBsl3ogvX79ITpcn8CHczDwtxYy5+RhMoAraRdfN3oB+8QIpN3KOxs2Q7w=="
    },
    "node_modules/@braintree/iframer": {
      "version": "1.1.0",
      "resolved": "https://registry.npmjs.org/@braintree/iframer/-/iframer-1.1.0.tgz",
      "integrity": "sha512-tVpr7U6u6bqeQlHreEjYMNtnHX62vLnNWziY2kQLqkWhvusPuY5DfuGEIPpWqsd+V/a1slyTQaxK6HWTlH6A/Q=="
    },
    "node_modules/@braintree/sanitize-url": {
      "version": "5.0.2",
      "resolved": "https://registry.npmjs.org/@braintree/sanitize-url/-/sanitize-url-5.0.2.tgz",
      "integrity": "sha512-NBEJlHWrhQucLhZGHtSxM2loSaNUMajC7KOYJLyfcdW/6goVoff2HoYI3bz8YCDN0wKGbxtUL0gx2dvHpvnWlw=="
    },
    "node_modules/@braintree/uuid": {
      "version": "0.1.0",
      "resolved": "https://registry.npmjs.org/@braintree/uuid/-/uuid-0.1.0.tgz",
      "integrity": "sha512-YvZJdlNcK5EnR+7M8AjgEAf4Qx696+FOSYlPfy5ePn80vODtVAUU0FxHnzKZC0og1VbDNQDDiwhthR65D4Na0g=="
    },
    "node_modules/@braintree/wrap-promise": {
      "version": "2.1.0",
      "resolved": "https://registry.npmjs.org/@braintree/wrap-promise/-/wrap-promise-2.1.0.tgz",
      "integrity": "sha512-UIrJB+AfKU0CCfbMoWrsGpd2D/hBpY/SGgFI6WRHPOwhaZ3g9rz1weiJ6eb6L9KgVyunT7s2tckcPkbHw+NzeA=="
    },
    "node_modules/braintree-web": {
      "version": "3.80.0",
      "resolved": "https://registry.npmjs.org/braintree-web/-/braintree-web-3.80.0.tgz",
      "integrity": "sha512-XVWHPjdur4HPOCtfNMsiDeU7ZjW3/jO43y4I2aMmYtS/fDk7LkKBWZjCCsbTgxUq5JxwtAQdFtNGpdYWuDWkkQ==",
      "dependencies": {
        "@braintree/asset-loader": "0.4.4",
        "@braintree/browser-detection": "1.12.0",
        "@braintree/class-list": "0.2.0",
        "@braintree/event-emitter": "0.4.1",
        "@braintree/extended-promise": "0.4.1",
        "@braintree/iframer": "1.1.0",
        "@braintree/sanitize-url": "5.0.2",
        "@braintree/uuid": "0.1.0",
        "@braintree/wrap-promise": "2.1.0",
        "card-validator": "8.1.1",
        "credit-card-type": "9.1.0",
        "framebus": "5.1.2",
        "inject-stylesheet": "4.0.0",
        "promise-polyfill": "8.2.0",
        "restricted-input": "3.0.4"
      }
    },
    "node_modules/braintree-web-drop-in": {
      "version": "1.31.2",
      "resolved": "https://registry.npmjs.org/braintree-web-drop-in/-/braintree-web-drop-in-1.31.2.tgz",
      "integrity": "sha512-CsNBpHqX45+RXb2IitXHv1IittFxFsiyMddZ3G6TSruCHGqzTcUubt6nu3cOcQVSxJNF0Ud7aCHP6v7wkw9szg==",
      "license": "MIT",
      "dependencies": {
        "@braintree/asset-loader": "0.4.4",
        "@braintree/browser-detection": "1.12.0",
        "@braintree/class-list": "0.2.0",
        "@braintree/event-emitter": "0.4.1",
        "@braintree/uuid": "0.1.0",
        "@braintree/wrap-promise": "2.1.0",
        "braintree-web": "3.80.0",
        "promise-polyfill": "8.2.0"
      }
    },
    "node_modules/braintree-web-drop-in-react": {
      "version": "1.2.1",
      "resolved": "https://registry.npmjs.org/braintree-web-drop-in-react/-/braintree-web-drop-in-react-1.2.1.tgz",
      "integrity": "sha512-J0Xzb6EXYvvOp74Vqhmny3tsbeqeKKRPmWaJGnZQxJ5DFq1VYLCfDDPa14YpdhWTZiIgMRqRf4wpOdQ/Gcbf0w==",
      "license": "MIT",
      "dependencies": {
        "braintree-web-drop-in": "^1.24.0",
        "prop-types": "^15.7.2"
      },
      "peerDependencies": {
        "react": ">=16.13.1",
        "react-dom": ">=16.13.1"
      }
    },
    "node_modules/card-validator": {
      "version": "8.1.1",
      "resolved": "https://registry.npmjs.org/card-validator/-/card-validator-8.1.1.tgz",
      "integrity": "sha512-cN4FsKwoTfTFnqPwVc7TQLSsH/QMDB3n/gWm0XelcApz4sKipnOQ6k33sa3bWsNnnIpgs7eXOF+mUV2UQAX2Sw==",
      "dependencies": {
        "credit-card-type": "^9.1.0"
      }
    },
    "node_modules/credit-card-type": {
      "version": "9.1.0",
      "resolved": "https://registry.npmjs.org/credit-card-type/-/credit-card-type-9.1.0.tgz",
      "integrity": "sha512-CpNFuLxiPFxuZqhSKml3M+t0K/484pMAnfYWH14JoD7OZMnmC0Lmo+P7JX9SobqFpRoo7ifA18kOHdxJywYPEA=="
    },
    "node_modules/framebus": {
      "version": "5.1.2",
      "resolved": "https://registry.npmjs.org/framebus/-/framebus-5.1.2.tgz",
      "integrity": "sha512-Z/y6/0gHVx4Td4c0jkDiASBo0pXlJ2fKOP6CynSFnxTzqojG9xOKOFOqoYkcBHlz1vP4t4yHHR6Esp+GsYIh/Q==",
      "dependencies": {
        "@braintree/uuid": "^0.1.0"
      }
    },
    "node_modules/inject-stylesheet": {
      "version": "4.0.0",
      "resolved": "https://registry.npmjs.org/inject-stylesheet/-/inject-stylesheet-4.0.0.tgz",
      "integrity": "sha512-EULSmN+gdAMR4w9kk57HJ1Lz6Xp+9OGgTbxpNV2QSncG+LWlihH1d/Clm8ui6b+LAqmIVcrtWfwDrMEgDiUpjg=="
    },
    "node_modules/js-tokens": {
      "version": "4.0.0",
      "resolved": "https://registry.npmjs.org/js-tokens/-/js-tokens-4.0.0.tgz",
      "integrity": "sha512-RdJUflcE3cUzKiMqQgsCu06FPu9UdIJO0beYbPhHN4k6apgJtifcoCtT9bcxOpYBtpD2kCM6Sbzg4CausW/PKQ=="
    },
    "node_modules/loose-envify": {
      "version": "1.4.0",
      "resolved": "https://registry.npmjs.org/loose-envify/-/loose-envify-1.4.0.tgz",
      "integrity": "sha512-lyuxPGr/Wfhrlem2CL/UcnUc1zcqKAImBDzukY7Y5F/yQiNdko6+fRLevlw1HgMySw7f611UIY408EtxRSoK3Q==",
      "dependencies": {
        "js-tokens": "^3.0.0 || ^4.0.0"
      },
      "bin": {
        "loose-envify": "cli.js"
      }
    },
    "node_modules/object-assign": {
      "version": "4.1.1",
      "resolved": "https://registry.npmjs.org/object-assign/-/object-assign-4.1.1.tgz",
      "integrity": "sha1-IQmtx5ZYh8/AXLvUQsrIv7s2CGM=",
      "engines": {
        "node": ">=0.10.0"
      }
    },
    "node_modules/promise-polyfill": {
      "version": "8.2.0",
      "resolved": "https://registry.npmjs.org/promise-polyfill/-/promise-polyfill-8.2.0.tgz",
      "integrity": "sha512-k/TC0mIcPVF6yHhUvwAp7cvL6I2fFV7TzF1DuGPI8mBh4QQazf36xCKEHKTZKRysEoTQoQdKyP25J8MPJp7j5g=="
    },
    "node_modules/prop-types": {
      "version": "15.7.2",
      "resolved": "https://registry.npmjs.org/prop-types/-/prop-types-15.7.2.tgz",
      "integrity": "sha512-8QQikdH7//R2vurIJSutZ1smHYTcLpRWEOlHnzcWHmBYrOGUysKwSsrC89BCiFj3CbrfJ/nXFdJepOVrY1GCHQ==",
      "dependencies": {
        "loose-envify": "^1.4.0",
        "object-assign": "^4.1.1",
        "react-is": "^16.8.1"
      }
    },
    "node_modules/react": {
      "version": "17.0.2",
      "resolved": "https://registry.npmjs.org/react/-/react-17.0.2.tgz",
      "integrity": "sha512-gnhPt75i/dq/z3/6q/0asP78D0u592D5L1pd7M8P+dck6Fu/jJeL6iVVK23fptSUZj8Vjf++7wXA8UNclGQcbA==",
      "peer": true,
      "dependencies": {
        "loose-envify": "^1.1.0",
        "object-assign": "^4.1.1"
      },
      "engines": {
        "node": ">=0.10.0"
      }
    },
    "node_modules/react-dom": {
      "version": "17.0.2",
      "resolved": "https://registry.npmjs.org/react-dom/-/react-dom-17.0.2.tgz",
      "integrity": "sha512-s4h96KtLDUQlsENhMn1ar8t2bEa+q/YAtj8pPPdIjPDGBDIVNsrD9aXNWqspUe6AzKCIG0C1HZZLqLV7qpOBGA==",
      "peer": true,
      "dependencies": {
        "loose-envify": "^1.1.0",
        "object-assign": "^4.1.1",
        "scheduler": "^0.20.2"
      },
      "peerDependencies": {
        "react": "17.0.2"
      }
    },
    "node_modules/react-is": {
      "version": "16.13.1",
      "resolved": "https://registry.npmjs.org/react-is/-/react-is-16.13.1.tgz",
      "integrity": "sha512-24e6ynE2H+OKt4kqsOvNd8kBpV65zoxbA4BVsEOB3ARVWQki/DHzaUoC5KuON/BiccDaCCTZBuOcfZs70kR8bQ=="
    },
    "node_modules/restricted-input": {
      "version": "3.0.4",
      "resolved": "https://registry.npmjs.org/restricted-input/-/restricted-input-3.0.4.tgz",
      "integrity": "sha512-HNrlYBkaQS3SPaTNp5PwqA2iY2hKHJAC1TSdPAi7Nst2jwW76ejantGp0BSf4ckMXPygmDPlxqDRvJ1rRd3mEQ==",
      "dependencies": {
        "@braintree/browser-detection": "^1.12.0"
      }
    },
    "node_modules/scheduler": {
      "version": "0.20.2",
      "resolved": "https://registry.npmjs.org/scheduler/-/scheduler-0.20.2.tgz",
      "integrity": "sha512-2eWfGgAqqWFGqtdMmcL5zCMK1U8KlXv8SQFGglL3CEtd0aDVDWgeF/YoCmvln55m5zSk3J/20hTaSBeSObsQDQ==",
      "peer": true,
      "dependencies": {
        "loose-envify": "^1.1.0",
        "object-assign": "^4.1.1"
      }
    }
  },
  "dependencies": {
    "@braintree/asset-loader": {
      "version": "0.4.4",
      "resolved": "https://registry.npmjs.org/@braintree/asset-loader/-/asset-loader-0.4.4.tgz",
      "integrity": "sha512-uVhXC5dydmngmNVuDiKgfXSlz4kv4x5ytIJodI8N5SY16mRh13m/UmbQ7yH+o8DQqp50qPZ45MUHIZkXKPg85w==",
      "requires": {
        "promise-polyfill": "^8.1.3"
      }
    },
    "@braintree/browser-detection": {
      "version": "1.12.0",
      "resolved": "https://registry.npmjs.org/@braintree/browser-detection/-/browser-detection-1.12.0.tgz",
      "integrity": "sha512-fmZcaXYkXr9b0J+3HwXLQogIYV+xSS6aBG7LGu0OjLkSD/k62EAu2xLGEDFHUu6siH/I7vvGoC0/Ds3f3RnS6g=="
    },
    "@braintree/class-list": {
      "version": "0.2.0",
      "resolved": "https://registry.npmjs.org/@braintree/class-list/-/class-list-0.2.0.tgz",
      "integrity": "sha512-iLXJT51jnBFuGvyTAQqZ2uwyEVwdyapyz52F5MK1Uoh2ZOiPJ5hoqI0wncyCP2KfqrgyCpOkkEaLMLb/94unGA=="
    },
    "@braintree/event-emitter": {
      "version": "0.4.1",
      "resolved": "https://registry.npmjs.org/@braintree/event-emitter/-/event-emitter-0.4.1.tgz",
      "integrity": "sha512-X41357O3OXUDlnwMvS1m0GQEn3zB3s3flOBeg2J5OBvLvdJEIAVpPkblABPtsPrlciDSvfv1aSG5ixHPgFH0Zg=="
    },
    "@braintree/extended-promise": {
      "version": "0.4.1",
      "resolved": "https://registry.npmjs.org/@braintree/extended-promise/-/extended-promise-0.4.1.tgz",
      "integrity": "sha512-00n7m4z+swWHoFQLHLvrIBIEoxnGUBsl3ogvX79ITpcn8CHczDwtxYy5+RhMoAraRdfN3oB+8QIpN3KOxs2Q7w=="
    },
    "@braintree/iframer": {
      "version": "1.1.0",
      "resolved": "https://registry.npmjs.org/@braintree/iframer/-/iframer-1.1.0.tgz",
      "integrity": "sha512-tVpr7U6u6bqeQlHreEjYMNtnHX62vLnNWziY2kQLqkWhvusPuY5DfuGEIPpWqsd+V/a1slyTQaxK6HWTlH6A/Q=="
    },
    "@braintree/sanitize-url": {
      "version": "5.0.2",
      "resolved": "https://registry.npmjs.org/@braintree/sanitize-url/-/sanitize-url-5.0.2.tgz",
      "integrity": "sha512-NBEJlHWrhQucLhZGHtSxM2loSaNUMajC7KOYJLyfcdW/6goVoff2HoYI3bz8YCDN0wKGbxtUL0gx2dvHpvnWlw=="
    },
    "@braintree/uuid": {
      "version": "0.1.0",
      "resolved": "https://registry.npmjs.org/@braintree/uuid/-/uuid-0.1.0.tgz",
      "integrity": "sha512-YvZJdlNcK5EnR+7M8AjgEAf4Qx696+FOSYlPfy5ePn80vODtVAUU0FxHnzKZC0og1VbDNQDDiwhthR65D4Na0g=="
    },
    "@braintree/wrap-promise": {
      "version": "2.1.0",
      "resolved": "https://registry.npmjs.org/@braintree/wrap-promise/-/wrap-promise-2.1.0.tgz",
      "integrity": "sha512-UIrJB+AfKU0CCfbMoWrsGpd2D/hBpY/SGgFI6WRHPOwhaZ3g9rz1weiJ6eb6L9KgVyunT7s2tckcPkbHw+NzeA=="
    },
    "braintree-web": {
      "version": "3.80.0",
      "resolved": "https://registry.npmjs.org/braintree-web/-/braintree-web-3.80.0.tgz",
      "integrity": "sha512-XVWHPjdur4HPOCtfNMsiDeU7ZjW3/jO43y4I2aMmYtS/fDk7LkKBWZjCCsbTgxUq5JxwtAQdFtNGpdYWuDWkkQ==",
      "requires": {
        "@braintree/asset-loader": "0.4.4",
        "@braintree/browser-detection": "1.12.0",
        "@braintree/class-list": "0.2.0",
        "@braintree/event-emitter": "0.4.1",
        "@braintree/extended-promise": "0.4.1",
        "@braintree/iframer": "1.1.0",
        "@braintree/sanitize-url": "5.0.2",
        "@braintree/uuid": "0.1.0",
        "@braintree/wrap-promise": "2.1.0",
        "card-validator": "8.1.1",
        "credit-card-type": "9.1.0",
        "framebus": "5.1.2",
        "inject-stylesheet": "4.0.0",
        "promise-polyfill": "8.2.0",
        "restricted-input": "3.0.4"
      }
    },
    "braintree-web-drop-in": {
      "version": "1.31.2",
      "resolved": "https://registry.npmjs.org/braintree-web-drop-in/-/braintree-web-drop-in-1.31.2.tgz",
      "integrity": "sha512-CsNBpHqX45+RXb2IitXHv1IittFxFsiyMddZ3G6TSruCHGqzTcUubt6nu3cOcQVSxJNF0Ud7aCHP6v7wkw9szg==",
      "requires": {
        "@braintree/asset-loader": "0.4.4",
        "@braintree/browser-detection": "1.12.0",
        "@braintree/class-list": "0.2.0",
        "@braintree/event-emitter": "0.4.1",
        "@braintree/uuid": "0.1.0",
        "@braintree/wrap-promise": "2.1.0",
        "braintree-web": "3.80.0",
        "promise-polyfill": "8.2.0"
      }
    },
    "braintree-web-drop-in-react": {
      "version": "1.2.1",
      "resolved": "https://registry.npmjs.org/braintree-web-drop-in-react/-/braintree-web-drop-in-react-1.2.1.tgz",
      "integrity": "sha512-J0Xzb6EXYvvOp74Vqhmny3tsbeqeKKRPmWaJGnZQxJ5DFq1VYLCfDDPa14YpdhWTZiIgMRqRf4wpOdQ/Gcbf0w==",
      "requires": {
        "braintree-web-drop-in": "^1.24.0",
        "prop-types": "^15.7.2"
      }
    },
    "card-validator": {
      "version": "8.1.1",
      "resolved": "https://registry.npmjs.org/card-validator/-/card-validator-8.1.1.tgz",
      "integrity": "sha512-cN4FsKwoTfTFnqPwVc7TQLSsH/QMDB3n/gWm0XelcApz4sKipnOQ6k33sa3bWsNnnIpgs7eXOF+mUV2UQAX2Sw==",
      "requires": {
        "credit-card-type": "^9.1.0"
      }
    },
    "credit-card-type": {
      "version": "9.1.0",
      "resolved": "https://registry.npmjs.org/credit-card-type/-/credit-card-type-9.1.0.tgz",
      "integrity": "sha512-CpNFuLxiPFxuZqhSKml3M+t0K/484pMAnfYWH14JoD7OZMnmC0Lmo+P7JX9SobqFpRoo7ifA18kOHdxJywYPEA=="
    },
    "framebus": {
      "version": "5.1.2",
      "resolved": "https://registry.npmjs.org/framebus/-/framebus-5.1.2.tgz",
      "integrity": "sha512-Z/y6/0gHVx4Td4c0jkDiASBo0pXlJ2fKOP6CynSFnxTzqojG9xOKOFOqoYkcBHlz1vP4t4yHHR6Esp+GsYIh/Q==",
      "requires": {
        "@braintree/uuid": "^0.1.0"
      }
    },
    "inject-stylesheet": {
      "version": "4.0.0",
      "resolved": "https://registry.npmjs.org/inject-stylesheet/-/inject-stylesheet-4.0.0.tgz",
      "integrity": "sha512-EULSmN+gdAMR4w9kk57HJ1Lz6Xp+9OGgTbxpNV2QSncG+LWlihH1d/Clm8ui6b+LAqmIVcrtWfwDrMEgDiUpjg=="
    },
    "js-tokens": {
      "version": "4.0.0",
      "resolved": "https://registry.npmjs.org/js-tokens/-/js-tokens-4.0.0.tgz",
      "integrity": "sha512-RdJUflcE3cUzKiMqQgsCu06FPu9UdIJO0beYbPhHN4k6apgJtifcoCtT9bcxOpYBtpD2kCM6Sbzg4CausW/PKQ=="
    },
    "loose-envify": {
      "version": "1.4.0",
      "resolved": "https://registry.npmjs.org/loose-envify/-/loose-envify-1.4.0.tgz",
      "integrity": "sha512-lyuxPGr/Wfhrlem2CL/UcnUc1zcqKAImBDzukY7Y5F/yQiNdko6+fRLevlw1HgMySw7f611UIY408EtxRSoK3Q==",
      "requires": {
        "js-tokens": "^3.0.0 || ^4.0.0"
      }
    },
    "object-assign": {
      "version": "4.1.1",
      "resolved": "https://registry.npmjs.org/object-assign/-/object-assign-4.1.1.tgz",
      "integrity": "sha1-IQmtx5ZYh8/AXLvUQsrIv7s2CGM="
    },
    "promise-polyfill": {
      "version": "8.2.0",
      "resolved": "https://registry.npmjs.org/promise-polyfill/-/promise-polyfill-8.2.0.tgz",
      "integrity": "sha512-k/TC0mIcPVF6yHhUvwAp7cvL6I2fFV7TzF1DuGPI8mBh4QQazf36xCKEHKTZKRysEoTQoQdKyP25J8MPJp7j5g=="
    },
    "prop-types": {
      "version": "15.7.2",
      "resolved": "https://registry.npmjs.org/prop-types/-/prop-types-15.7.2.tgz",
      "integrity": "sha512-8QQikdH7//R2vurIJSutZ1smHYTcLpRWEOlHnzcWHmBYrOGUysKwSsrC89BCiFj3CbrfJ/nXFdJepOVrY1GCHQ==",
      "requires": {
        "loose-envify": "^1.4.0",
        "object-assign": "^4.1.1",
        "react-is": "^16.8.1"
      }
    },
    "react": {
      "version": "17.0.2",
      "resolved": "https://registry.npmjs.org/react/-/react-17.0.2.tgz",
      "integrity": "sha512-gnhPt75i/dq/z3/6q/0asP78D0u592D5L1pd7M8P+dck6Fu/jJeL6iVVK23fptSUZj8Vjf++7wXA8UNclGQcbA==",
      "peer": true,
      "requires": {
        "loose-envify": "^1.1.0",
        "object-assign": "^4.1.1"
      }
    },
    "react-dom": {
      "version": "17.0.2",
      "resolved": "https://registry.npmjs.org/react-dom/-/react-dom-17.0.2.tgz",
      "integrity": "sha512-s4h96KtLDUQlsENhMn1ar8t2bEa+q/YAtj8pPPdIjPDGBDIVNsrD9aXNWqspUe6AzKCIG0C1HZZLqLV7qpOBGA==",
      "peer": true,
      "requires": {
        "loose-envify": "^1.1.0",
        "object-assign": "^4.1.1",
        "scheduler": "^0.20.2"
      }
    },
    "react-is": {
      "version": "16.13.1",
      "resolved": "https://registry.npmjs.org/react-is/-/react-is-16.13.1.tgz",
      "integrity": "sha512-24e6ynE2H+OKt4kqsOvNd8kBpV65zoxbA4BVsEOB3ARVWQki/DHzaUoC5KuON/BiccDaCCTZBuOcfZs70kR8bQ=="
    },
    "restricted-input": {
      "version": "3.0.4",
      "resolved": "https://registry.npmjs.org/restricted-input/-/restricted-input-3.0.4.tgz",
      "integrity": "sha512-HNrlYBkaQS3SPaTNp5PwqA2iY2hKHJAC1TSdPAi7Nst2jwW76ejantGp0BSf4ckMXPygmDPlxqDRvJ1rRd3mEQ==",
      "requires": {
        "@braintree/browser-detection": "^1.12.0"
      }
    },
    "scheduler": {
      "version": "0.20.2",
      "resolved": "https://registry.npmjs.org/scheduler/-/scheduler-0.20.2.tgz",
      "integrity": "sha512-2eWfGgAqqWFGqtdMmcL5zCMK1U8KlXv8SQFGglL3CEtd0aDVDWgeF/YoCmvln55m5zSk3J/20hTaSBeSObsQDQ==",
      "peer": true,
      "requires": {
        "loose-envify": "^1.1.0",
        "object-assign": "^4.1.1"
      }
    }
  }
}
